
Microsoft Visual Studio Solution File, Format Version 12.00
# Visual Studio Version 17
VisualStudioVersion = 17.9.34714.143
MinimumVisualStudioVersion = 10.0.40219.1
Project("{FAE04EC0-301F-11D3-BF4B-00C04F79EFBC}") = "WebApplication1", "WebApplication1.csproj", "{77249142-5520-488D-B11D-1C94E02E3111}"
EndProject
Global
	GlobalSection(SolutionConfigurationPlatforms) = preSolution
		Debug|Any CPU = Debug|Any CPU
		Release|Any CPU = Release|Any CPU
	EndGlobalSection
	GlobalSection(ProjectConfigurationPlatforms) = postSolution
		{77249142-5520-488D-B11D-1C94E02E3111}.Debug|Any CPU.ActiveCfg = Debug|Any CPU
		{77249142-5520-488D-B11D-1C94E02E3111}.Debug|Any CPU.Build.0 = Debug|Any CPU
		{77249142-5520-488D-B11D-1C94E02E3111}.Release|Any CPU.ActiveCfg = Release|Any CPU
		{77249142-5520-488D-B11D-1C94E02E3111}.Release|Any CPU.Build.0 = Release|Any CPU
	EndGlobalSection
	GlobalSection(SolutionProperties) = preSolution
		HideSolutionNode = FALSE
	EndGlobalSection
	GlobalSection(ExtensibilityGlobals) = postSolution
		SolutionGuid = {4632D8AA-9C97-4B56-9C40-97567493183D}
	EndGlobalSection
EndGlobal
